
Microsoft Visual Studio Solution File, Format Version 12.00
# Visual Studio Version 16
VisualStudioVersion = 16.0.29411.108
MinimumVisualStudioVersion = 10.0.40219.1
Project("{FAE04EC0-301F-11D3-BF4B-00C04F79EFBC}") = "StudyPlanManager", "src\StudyPlanManager\StudyPlanManager.csproj", "{ED8D640C-E269-417E-B523-3087C4F2D000}"
EndProject
Global
	GlobalSection(SolutionConfigurationPlatforms) = preSolution
		Debug|Any CPU = Debug|Any CPU
		Release|Any CPU = Release|Any CPU
	EndGlobalSection
	GlobalSection(ProjectConfigurationPlatforms) = postSolution
		{ED8D640C-E269-417E-B523-3087C4F2D000}.Debug|Any CPU.ActiveCfg = Debug|Any CPU
		{ED8D640C-E269-417E-B523-3087C4F2D000}.Debug|Any CPU.Build.0 = Debug|Any CPU
		{ED8D640C-E269-417E-B523-3087C4F2D000}.Release|Any CPU.ActiveCfg = Release|Any CPU
		{ED8D640C-E269-417E-B523-3087C4F2D000}.Release|Any CPU.Build.0 = Release|Any CPU
	EndGlobalSection
	GlobalSection(SolutionProperties) = preSolution
		HideSolutionNode = FALSE
	EndGlobalSection
	GlobalSection(ExtensibilityGlobals) = postSolution
		SolutionGuid = {CF83C226-0455-4BB2-BA55-4B128897978E}
	EndGlobalSection
EndGlobal
